PODS:
  - Expecta (0.3.1)
  - Expecta+Snapshots (1.2.1):
    - Expecta
    - FBSnapshotTestCase
  - FBSnapshotTestCase (1.1)
  - Specta (0.3.0.beta1)

DEPENDENCIES:
  - Expecta+Snapshots (from `../`)
  - FBSnapshotTestCase (from `https://github.com/facebook/ios-snapshot-test-case`, commit `d63e2f81c36af47f4ba8f173df5d2191a22f4581`)
  - Specta (from `https://github.com/specta/specta.git`, tag `v0.3.0.beta1`)

EXTERNAL SOURCES:
  Expecta+Snapshots:
    :path: ../
  FBSnapshotTestCase:
    :commit: d63e2f81c36af47f4ba8f173df5d2191a22f4581
    :git: https://github.com/facebook/ios-snapshot-test-case
  Specta:
    :git: https://github.com/specta/specta.git
    :tag: v0.3.0.beta1

SPEC CHECKSUMS:
  Expecta: 03aabd0a89d8dea843baecb19a7fd7466a69a31d
  Expecta+Snapshots: bf00ebce341a96e6020e41afe85f9362ba45e4b7
  FBSnapshotTestCase: 188c80bfcb72e744eb0b99d45989d12687c40cf8
  Specta: 63e8ac8e07db6675c7096d37f77a266a1be4c02d

COCOAPODS: 0.34.4
